
Microsoft Visual Studio Solution File, Format Version 12.00
Project("{2150E333-8FDC-42A3-9474-1A3956D46DE8}") = "src", "src", "{F960012F-6103-4C33-B3C7-336AF6EF90A6}"
EndProject
Project("{2150E333-8FDC-42A3-9474-1A3956D46DE8}") = "test", "test", "{6F785F7A-72E4-439A-8D8C-58744412452F}"
EndProject
Project("{FAE04EC0-301F-11D3-BF4B-00C04F79EFBC}") = "MCSM.Core", "src\MCSM.Core\MCSM.Core.csproj", "{A97ECA79-8F9B-4A6B-A7B8-2E5952267F15}"
EndProject
Project("{FAE04EC0-301F-11D3-BF4B-00C04F79EFBC}") = "MCSM.Ui", "src\MCSM.Ui\MCSM.Ui.csproj", "{6C5FB159-84D2-41D9-81B3-C7F43158478E}"
EndProject
Project("{FAE04EC0-301F-11D3-BF4B-00C04F79EFBC}") = "MCSM", "src\MCSM\MCSM.csproj", "{5DAD8CE4-5D5A-4243-9685-8774E705892B}"
EndProject
Project("{FAE04EC0-301F-11D3-BF4B-00C04F79EFBC}") = "MCSM.Core.Test", "test\MCSM.Core.Test\MCSM.Core.Test.csproj", "{E77FDEC5-03B4-4DB6-9DB5-9FEFA9009729}"
EndProject
Project("{FAE04EC0-301F-11D3-BF4B-00C04F79EFBC}") = "MCSM.Ui.Test", "test\MCSM.Ui.Test\MCSM.Ui.Test.csproj", "{B7263001-D5D1-4AEF-9421-3E8C9CF3889C}"
EndProject
Project("{FAE04EC0-301F-11D3-BF4B-00C04F79EFBC}") = "MCSM.Api", "src\MCSM.Api\MCSM.Api.csproj", "{F3911C2F-5BDC-41BD-A087-1716B2955678}"
EndProject
Global
	GlobalSection(SolutionConfigurationPlatforms) = preSolution
		Debug|Any CPU = Debug|Any CPU
		Release|Any CPU = Release|Any CPU
	EndGlobalSection
	GlobalSection(NestedProjects) = preSolution
		{A97ECA79-8F9B-4A6B-A7B8-2E5952267F15} = {F960012F-6103-4C33-B3C7-336AF6EF90A6}
		{6C5FB159-84D2-41D9-81B3-C7F43158478E} = {F960012F-6103-4C33-B3C7-336AF6EF90A6}
		{5DAD8CE4-5D5A-4243-9685-8774E705892B} = {F960012F-6103-4C33-B3C7-336AF6EF90A6}
		{E77FDEC5-03B4-4DB6-9DB5-9FEFA9009729} = {6F785F7A-72E4-439A-8D8C-58744412452F}
		{B7263001-D5D1-4AEF-9421-3E8C9CF3889C} = {6F785F7A-72E4-439A-8D8C-58744412452F}
		{F3911C2F-5BDC-41BD-A087-1716B2955678} = {F960012F-6103-4C33-B3C7-336AF6EF90A6}
	EndGlobalSection
	GlobalSection(ProjectConfigurationPlatforms) = postSolution
		{A97ECA79-8F9B-4A6B-A7B8-2E5952267F15}.Debug|Any CPU.ActiveCfg = Debug|Any CPU
		{A97ECA79-8F9B-4A6B-A7B8-2E5952267F15}.Debug|Any CPU.Build.0 = Debug|Any CPU
		{A97ECA79-8F9B-4A6B-A7B8-2E5952267F15}.Release|Any CPU.ActiveCfg = Release|Any CPU
		{A97ECA79-8F9B-4A6B-A7B8-2E5952267F15}.Release|Any CPU.Build.0 = Release|Any CPU
		{6C5FB159-84D2-41D9-81B3-C7F43158478E}.Debug|Any CPU.ActiveCfg = Debug|Any CPU
		{6C5FB159-84D2-41D9-81B3-C7F43158478E}.Debug|Any CPU.Build.0 = Debug|Any CPU
		{6C5FB159-84D2-41D9-81B3-C7F43158478E}.Release|Any CPU.ActiveCfg = Release|Any CPU
		{6C5FB159-84D2-41D9-81B3-C7F43158478E}.Release|Any CPU.Build.0 = Release|Any CPU
		{5DAD8CE4-5D5A-4243-9685-8774E705892B}.Debug|Any CPU.ActiveCfg = Debug|Any CPU
		{5DAD8CE4-5D5A-4243-9685-8774E705892B}.Debug|Any CPU.Build.0 = Debug|Any CPU
		{5DAD8CE4-5D5A-4243-9685-8774E705892B}.Release|Any CPU.ActiveCfg = Release|Any CPU
		{5DAD8CE4-5D5A-4243-9685-8774E705892B}.Release|Any CPU.Build.0 = Release|Any CPU
		{E77FDEC5-03B4-4DB6-9DB5-9FEFA9009729}.Debug|Any CPU.ActiveCfg = Debug|Any CPU
		{E77FDEC5-03B4-4DB6-9DB5-9FEFA9009729}.Debug|Any CPU.Build.0 = Debug|Any CPU
		{E77FDEC5-03B4-4DB6-9DB5-9FEFA9009729}.Release|Any CPU.ActiveCfg = Release|Any CPU
		{E77FDEC5-03B4-4DB6-9DB5-9FEFA9009729}.Release|Any CPU.Build.0 = Release|Any CPU
		{B7263001-D5D1-4AEF-9421-3E8C9CF3889C}.Debug|Any CPU.ActiveCfg = Debug|Any CPU
		{B7263001-D5D1-4AEF-9421-3E8C9CF3889C}.Debug|Any CPU.Build.0 = Debug|Any CPU
		{B7263001-D5D1-4AEF-9421-3E8C9CF3889C}.Release|Any CPU.ActiveCfg = Release|Any CPU
		{B7263001-D5D1-4AEF-9421-3E8C9CF3889C}.Release|Any CPU.Build.0 = Release|Any CPU
		{F3911C2F-5BDC-41BD-A087-1716B2955678}.Debug|Any CPU.ActiveCfg = Debug|Any CPU
		{F3911C2F-5BDC-41BD-A087-1716B2955678}.Debug|Any CPU.Build.0 = Debug|Any CPU
		{F3911C2F-5BDC-41BD-A087-1716B2955678}.Release|Any CPU.ActiveCfg = Release|Any CPU
		{F3911C2F-5BDC-41BD-A087-1716B2955678}.Release|Any CPU.Build.0 = Release|Any CPU
	EndGlobalSection
EndGlobal
